{
    "_readme": [
        "This file locks the dependencies of your project to a known state",
        "Read more about it at https://getcomposer.org/doc/01-basic-usage.md#installing-dependencies",
        "This file is @generated automatically"
    ],
    "content-hash": "dde323aeecd3c0dc7bd735b4b8ae47f7",
    "packages": [
        {
            "name": "container-interop/container-interop",
            "version": "1.2.0",
            "source": {
                "type": "git",
                "url": "https://github.com/container-interop/container-interop.git",
                "reference": "79cbf1341c22ec75643d841642dd5d6acd83bdb8"
            },
            "dist": {
                "type": "zip",
                "url": "https://api.github.com/repos/container-interop/container-interop/zipball/79cbf1341c22ec75643d841642dd5d6acd83bdb8",
                "reference": "79cbf1341c22ec75643d841642dd5d6acd83bdb8",
                "shasum": ""
            },
            "require": {
                "psr/container": "^1.0"
            },
            "type": "library",
            "autoload": {
                "psr-4": {
                    "Interop\\Container\\": "src/Interop/Container/"
                }
            },
            "notification-url": "https://packagist.org/downloads/",
            "license": [
                "MIT"
            ],
            "description": "Promoting the interoperability of container objects (DIC, SL, etc.)",
            "homepage": "https://github.com/container-interop/container-interop",
            "time": "2017-02-14T19:40:03+00:00"
        },
        {
            "name": "doctrine/lexer",
            "version": "v1.0.1",
            "source": {
                "type": "git",
                "url": "https://github.com/doctrine/lexer.git",
                "reference": "83893c552fd2045dd78aef794c31e694c37c0b8c"
            },
            "dist": {
                "type": "zip",
                "url": "https://api.github.com/repos/doctrine/lexer/zipball/83893c552fd2045dd78aef794c31e694c37c0b8c",
                "reference": "83893c552fd2045dd78aef794c31e694c37c0b8c",
                "shasum": ""
            },
            "require": {
                "php": ">=5.3.2"
            },
            "type": "library",
            "extra": {
                "branch-alias": {
                    "dev-master": "1.0.x-dev"
                }
            },
            "autoload": {
                "psr-0": {
                    "Doctrine\\Common\\Lexer\\": "lib/"
                }
            },
            "notification-url": "https://packagist.org/downloads/",
            "license": [
                "MIT"
            ],
            "authors": [
                {
                    "name": "Roman Borschel",
                    "email": "roman@code-factory.org"
                },
                {
                    "name": "Guilherme Blanco",
                    "email": "guilhermeblanco@gmail.com"
                },
                {
                    "name": "Johannes Schmitt",
                    "email": "schmittjoh@gmail.com"
                }
            ],
            "description": "Base library for a lexer that can be used in Top-Down, Recursive Descent Parsers.",
            "homepage": "http://www.doctrine-project.org",
            "keywords": [
                "lexer",
                "parser"
            ],
            "time": "2014-09-09T13:34:57+00:00"
        },
        {
            "name": "egulias/email-validator",
            "version": "2.1.7",
            "source": {
                "type": "git",
                "url": "https://github.com/egulias/EmailValidator.git",
                "reference": "709f21f92707308cdf8f9bcfa1af4cb26586521e"
            },
            "dist": {
                "type": "zip",
                "url": "https://api.github.com/repos/egulias/EmailValidator/zipball/709f21f92707308cdf8f9bcfa1af4cb26586521e",
                "reference": "709f21f92707308cdf8f9bcfa1af4cb26586521e",
                "shasum": ""
            },
            "require": {
                "doctrine/lexer": "^1.0.1",
                "php": ">= 5.5"
            },
            "require-dev": {
                "dominicsayers/isemail": "dev-master",
                "phpunit/phpunit": "^4.8.35||^5.7||^6.0",
                "satooshi/php-coveralls": "^1.0.1"
            },
            "suggest": {
                "ext-intl": "PHP Internationalization Libraries are required to use the SpoofChecking validation"
            },
            "type": "library",
            "extra": {
                "branch-alias": {
                    "dev-master": "2.0.x-dev"
                }
            },
            "autoload": {
                "psr-4": {
                    "Egulias\\EmailValidator\\": "EmailValidator"
                }
            },
            "notification-url": "https://packagist.org/downloads/",
            "license": [
                "MIT"
            ],
            "authors": [
                {
                    "name": "Eduardo Gulias Davis"
                }
            ],
            "description": "A library for validating emails against several RFCs",
            "homepage": "https://github.com/egulias/EmailValidator",
            "keywords": [
                "email",
                "emailvalidation",
                "emailvalidator",
                "validation",
                "validator"
            ],
            "time": "2018-12-04T22:38:24+00:00"
        },
        {
            "name": "fig/http-message-util",
            "version": "1.1.3",
            "source": {
                "type": "git",
                "url": "https://github.com/php-fig/http-message-util.git",
                "reference": "35b19404371b31b3a43823c755398c48c9966db4"
            },
            "dist": {
                "type": "zip",
                "url": "https://api.github.com/repos/php-fig/http-message-util/zipball/35b19404371b31b3a43823c755398c48c9966db4",
                "reference": "35b19404371b31b3a43823c755398c48c9966db4",
                "shasum": ""
            },
            "require": {
                "php": "^5.3 || ^7.0",
                "psr/http-message": "^1.0"
            },
            "type": "library",
            "extra": {
                "branch-alias": {
                    "dev-master": "1.1.x-dev"
                }
            },
            "autoload": {
                "psr-4": {
                    "Fig\\Http\\Message\\": "src/"
                }
            },
            "notification-url": "https://packagist.org/downloads/",
            "license": [
                "MIT"
            ],
            "authors": [
                {
                    "name": "PHP-FIG",
                    "homepage": "http://www.php-fig.org/"
                }
            ],
            "description": "Utility classes and constants for use with PSR-7 (psr/http-message)",
            "keywords": [
                "http",
                "http-message",
                "psr",
                "psr-7",
                "request",
                "response"
            ],
            "time": "2018-11-19T16:19:58+00:00"
        },
        {
            "name": "guzzlehttp/psr7",
            "version": "1.5.2",
            "source": {
                "type": "git",
                "url": "https://github.com/guzzle/psr7.git",
                "reference": "9f83dded91781a01c63574e387eaa769be769115"
            },
            "dist": {
                "type": "zip",
                "url": "https://api.github.com/repos/guzzle/psr7/zipball/9f83dded91781a01c63574e387eaa769be769115",
                "reference": "9f83dded91781a01c63574e387eaa769be769115",
                "shasum": ""
            },
            "require": {
                "php": ">=5.4.0",
                "psr/http-message": "~1.0",
                "ralouphie/getallheaders": "^2.0.5"
            },
            "provide": {
                "psr/http-message-implementation": "1.0"
            },
            "require-dev": {
                "phpunit/phpunit": "~4.8.36 || ^5.7.27 || ^6.5.8"
            },
            "type": "library",
            "extra": {
                "branch-alias": {
                    "dev-master": "1.5-dev"
                }
            },
            "autoload": {
                "psr-4": {
                    "GuzzleHttp\\Psr7\\": "src/"
                },
                "files": [
                    "src/functions_include.php"
                ]
            },
            "notification-url": "https://packagist.org/downloads/",
            "license": [
                "MIT"
            ],
            "authors": [
                {
                    "name": "Michael Dowling",
                    "email": "mtdowling@gmail.com",
                    "homepage": "https://github.com/mtdowling"
                },
                {
                    "name": "Tobias Schultze",
                    "homepage": "https://github.com/Tobion"
                }
            ],
            "description": "PSR-7 message implementation that also provides common utility methods",
            "keywords": [
                "http",
                "message",
                "psr-7",
                "request",
                "response",
                "stream",
                "uri",
                "url"
            ],
            "time": "2018-12-04T20:46:45+00:00"
        },
        {
            "name": "http-interop/response-sender",
            "version": "1.0.0",
            "source": {
                "type": "git",
                "url": "https://github.com/http-interop/response-sender.git",
                "reference": "fd63be06cd6c9216ef3c725af1a3f6b155eebc84"
            },
            "dist": {
                "type": "zip",
                "url": "https://api.github.com/repos/http-interop/response-sender/zipball/fd63be06cd6c9216ef3c725af1a3f6b155eebc84",
                "reference": "fd63be06cd6c9216ef3c725af1a3f6b155eebc84",
                "shasum": ""
            },
            "require": {
                "psr/http-message": "^1.0"
            },
            "require-dev": {
                "guzzlehttp/psr7": "^1.4",
                "php-mock/php-mock-phpunit": "^1.1",
                "phpunit/phpunit": "^5.6"
            },
            "type": "library",
            "autoload": {
                "files": [
                    "src/functions.php"
                ]
            },
            "notification-url": "https://packagist.org/downloads/",
            "license": [
                "MIT"
            ],
            "authors": [
                {
                    "name": "Woody Gilk",
                    "email": "woody.gilk@gmail.com"
                }
            ],
            "description": "A function to convert PSR-7 Response to HTTP output",
            "time": "2017-03-17T15:46:19+00:00"
        },
        {
            "name": "nikic/fast-route",
            "version": "v1.3.0",
            "source": {
                "type": "git",
                "url": "https://github.com/nikic/FastRoute.git",
                "reference": "181d480e08d9476e61381e04a71b34dc0432e812"
            },
            "dist": {
                "type": "zip",
                "url": "https://api.github.com/repos/nikic/FastRoute/zipball/181d480e08d9476e61381e04a71b34dc0432e812",
                "reference": "181d480e08d9476e61381e04a71b34dc0432e812",
                "shasum": ""
            },
            "require": {
                "php": ">=5.4.0"
            },
            "require-dev": {
                "phpunit/phpunit": "^4.8.35|~5.7"
            },
            "type": "library",
            "autoload": {
                "psr-4": {
                    "FastRoute\\": "src/"
                },
                "files": [
                    "src/functions.php"
                ]
            },
            "notification-url": "https://packagist.org/downloads/",
            "license": [
                "BSD-3-Clause"
            ],
            "authors": [
                {
                    "name": "Nikita Popov",
                    "email": "nikic@php.net"
                }
            ],
            "description": "Fast request router for PHP",
            "keywords": [
                "router",
                "routing"
            ],
            "time": "2018-02-13T20:26:39+00:00"
        },
        {
            "name": "php-di/invoker",
            "version": "1.3.3",
            "source": {
                "type": "git",
                "url": "https://github.com/PHP-DI/Invoker.git",
                "reference": "1f4ca63b9abc66109e53b255e465d0ddb5c2e3f7"
            },
            "dist": {
                "type": "zip",
                "url": "https://api.github.com/repos/PHP-DI/Invoker/zipball/1f4ca63b9abc66109e53b255e465d0ddb5c2e3f7",
                "reference": "1f4ca63b9abc66109e53b255e465d0ddb5c2e3f7",
                "shasum": ""
            },
            "require": {
                "container-interop/container-interop": "~1.1"
            },
            "require-dev": {
                "athletic/athletic": "~0.1.8",
                "phpunit/phpunit": "~4.5"
            },
            "type": "library",
            "autoload": {
                "psr-4": {
                    "Invoker\\": "src/"
                }
            },
            "notification-url": "https://packagist.org/downloads/",
            "license": [
                "MIT"
            ],
            "description": "Generic and extensible callable invoker",
            "homepage": "https://github.com/PHP-DI/Invoker",
            "keywords": [
                "callable",
                "dependency",
                "dependency-injection",
                "injection",
                "invoke",
                "invoker"
            ],
            "time": "2016-07-14T13:09:58+00:00"
        },
        {
            "name": "php-di/php-di",
            "version": "5.4.6",
            "source": {
                "type": "git",
                "url": "https://github.com/PHP-DI/PHP-DI.git",
                "reference": "3f9255659595f3e289f473778bb6c51aa72abbbd"
            },
            "dist": {
                "type": "zip",
                "url": "https://api.github.com/repos/PHP-DI/PHP-DI/zipball/3f9255659595f3e289f473778bb6c51aa72abbbd",
                "reference": "3f9255659595f3e289f473778bb6c51aa72abbbd",
                "shasum": ""
            },
            "require": {
                "container-interop/container-interop": "~1.2",
                "php": ">=5.5.0",
                "php-di/invoker": "^1.3.2",
                "php-di/phpdoc-reader": "^2.0.1",
                "psr/container": "~1.0"
            },
            "provide": {
                "container-interop/container-interop-implementation": "^1.0",
                "psr/container-implementation": "^1.0"
            },
            "replace": {
                "mnapoli/php-di": "*"
            },
            "require-dev": {
                "doctrine/annotations": "~1.2",
                "doctrine/cache": "~1.4",
                "mnapoli/phpunit-easymock": "~0.2.0",
                "ocramius/proxy-manager": "~1.0|~2.0",
                "phpbench/phpbench": "@dev",
                "phpunit/phpunit": "~4.5"
            },
            "suggest": {
                "doctrine/annotations": "Install it if you want to use annotations (version ~1.2)",
                "doctrine/cache": "Install it if you want to use the cache (version ~1.4)",
                "ocramius/proxy-manager": "Install it if you want to use lazy injection (version ~1.0 or ~2.0)"
            },
            "type": "library",
            "autoload": {
                "psr-4": {
                    "DI\\": "src/DI/"
                },
                "files": [
                    "src/DI/functions.php"
                ]
            },
            "notification-url": "https://packagist.org/downloads/",
            "license": [
                "MIT"
            ],
            "description": "The dependency injection container for humans",
            "homepage": "http://php-di.org/",
            "keywords": [
                "container",
                "dependency injection",
                "di"
            ],
            "time": "2017-12-03T08:20:27+00:00"
        },
        {
            "name": "php-di/phpdoc-reader",
            "version": "2.1.0",
            "source": {
                "type": "git",
                "url": "https://github.com/PHP-DI/PhpDocReader.git",
                "reference": "7d0de60b9341933c8afd172a6255cd7557601e0e"
            },
            "dist": {
                "type": "zip",
                "url": "https://api.github.com/repos/PHP-DI/PhpDocReader/zipball/7d0de60b9341933c8afd172a6255cd7557601e0e",
                "reference": "7d0de60b9341933c8afd172a6255cd7557601e0e",
                "shasum": ""
            },
            "require": {
                "php": ">=5.4.0"
            },
            "require-dev": {
                "phpunit/phpunit": "~4.6"
            },
            "type": "library",
            "autoload": {
                "psr-4": {
                    "PhpDocReader\\": "src/PhpDocReader"
                }
            },
            "notification-url": "https://packagist.org/downloads/",
            "license": [
                "MIT"
            ],
            "description": "PhpDocReader parses @var and @param values in PHP docblocks (supports namespaced class names with the same resolution rules as PHP)",
            "keywords": [
                "phpdoc",
                "reflection"
            ],
            "time": "2018-02-18T17:39:01+00:00"
        },
        {
            "name": "psr/container",
            "version": "1.0.0",
            "source": {
                "type": "git",
                "url": "https://github.com/php-fig/container.git",
                "reference": "b7ce3b176482dbbc1245ebf52b181af44c2cf55f"
            },
            "dist": {
                "type": "zip",
                "url": "https://api.github.com/repos/php-fig/container/zipball/b7ce3b176482dbbc1245ebf52b181af44c2cf55f",
                "reference": "b7ce3b176482dbbc1245ebf52b181af44c2cf55f",
                "shasum": ""
            },
            "require": {
                "php": ">=5.3.0"
            },
            "type": "library",
            "extra": {
                "branch-alias": {
                    "dev-master": "1.0.x-dev"
                }
            },
            "autoload": {
                "psr-4": {
                    "Psr\\Container\\": "src/"
                }
            },
            "notification-url": "https://packagist.org/downloads/",
            "license": [
                "MIT"
            ],
            "authors": [
                {
                    "name": "PHP-FIG",
                    "homepage": "http://www.php-fig.org/"
                }
            ],
            "description": "Common Container Interface (PHP FIG PSR-11)",
            "homepage": "https://github.com/php-fig/container",
            "keywords": [
                "PSR-11",
                "container",
                "container-interface",
                "container-interop",
                "psr"
            ],
            "time": "2017-02-14T16:28:37+00:00"
        },
        {
            "name": "psr/http-message",
            "version": "1.0.1",
            "source": {
                "type": "git",
                "url": "https://github.com/php-fig/http-message.git",
                "reference": "f6561bf28d520154e4b0ec72be95418abe6d9363"
            },
            "dist": {
                "type": "zip",
                "url": "https://api.github.com/repos/php-fig/http-message/zipball/f6561bf28d520154e4b0ec72be95418abe6d9363",
                "reference": "f6561bf28d520154e4b0ec72be95418abe6d9363",
                "shasum": ""
            },
            "require": {
                "php": ">=5.3.0"
            },
            "type": "library",
            "extra": {
                "branch-alias": {
                    "dev-master": "1.0.x-dev"
                }
            },
            "autoload": {
                "psr-4": {
                    "Psr\\Http\\Message\\": "src/"
                }
            },
            "notification-url": "https://packagist.org/downloads/",
            "license": [
                "MIT"
            ],
            "authors": [
                {
                    "name": "PHP-FIG",
                    "homepage": "http://www.php-fig.org/"
                }
            ],
            "description": "Common interface for HTTP messages",
            "homepage": "https://github.com/php-fig/http-message",
            "keywords": [
                "http",
                "http-message",
                "psr",
                "psr-7",
                "request",
                "response"
            ],
            "time": "2016-08-06T14:39:51+00:00"
        },
        {
            "name": "psr/http-server-handler",
            "version": "1.0.1",
            "source": {
                "type": "git",
                "url": "https://github.com/php-fig/http-server-handler.git",
                "reference": "aff2f80e33b7f026ec96bb42f63242dc50ffcae7"
            },
            "dist": {
                "type": "zip",
                "url": "https://api.github.com/repos/php-fig/http-server-handler/zipball/aff2f80e33b7f026ec96bb42f63242dc50ffcae7",
                "reference": "aff2f80e33b7f026ec96bb42f63242dc50ffcae7",
                "shasum": ""
            },
            "require": {
                "php": ">=7.0",
                "psr/http-message": "^1.0"
            },
            "type": "library",
            "extra": {
                "branch-alias": {
                    "dev-master": "1.0.x-dev"
                }
            },
            "autoload": {
                "psr-4": {
                    "Psr\\Http\\Server\\": "src/"
                }
            },
            "notification-url": "https://packagist.org/downloads/",
            "license": [
                "MIT"
            ],
            "authors": [
                {
                    "name": "PHP-FIG",
                    "homepage": "http://www.php-fig.org/"
                }
            ],
            "description": "Common interface for HTTP server-side request handler",
            "keywords": [
                "handler",
                "http",
                "http-interop",
                "psr",
                "psr-15",
                "psr-7",
                "request",
                "response",
                "server"
            ],
            "time": "2018-10-30T16:46:14+00:00"
        },
        {
            "name": "psr/http-server-middleware",
            "version": "1.0.1",
            "source": {
                "type": "git",
                "url": "https://github.com/php-fig/http-server-middleware.git",
                "reference": "2296f45510945530b9dceb8bcedb5cb84d40c5f5"
            },
            "dist": {
                "type": "zip",
                "url": "https://api.github.com/repos/php-fig/http-server-middleware/zipball/2296f45510945530b9dceb8bcedb5cb84d40c5f5",
                "reference": "2296f45510945530b9dceb8bcedb5cb84d40c5f5",
                "shasum": ""
            },
            "require": {
                "php": ">=7.0",
                "psr/http-message": "^1.0",
                "psr/http-server-handler": "^1.0"
            },
            "type": "library",
            "extra": {
                "branch-alias": {
                    "dev-master": "1.0.x-dev"
                }
            },
            "autoload": {
                "psr-4": {
                    "Psr\\Http\\Server\\": "src/"
                }
            },
            "notification-url": "https://packagist.org/downloads/",
            "license": [
                "MIT"
            ],
            "authors": [
                {
                    "name": "PHP-FIG",
                    "homepage": "http://www.php-fig.org/"
                }
            ],
            "description": "Common interface for HTTP server-side middleware",
            "keywords": [
                "http",
                "http-interop",
                "middleware",
                "psr",
                "psr-15",
                "psr-7",
                "request",
                "response"
            ],
            "time": "2018-10-30T17:12:04+00:00"
        },
        {
            "name": "quimcalpe/psr7-response-sender",
            "version": "0.1.3",
            "source": {
                "type": "git",
                "url": "https://github.com/quimcalpe/psr7-response-sender.git",
                "reference": "6ae642a95f3ad7c23143fced63d778da8cd6178d"
            },
            "dist": {
                "type": "zip",
                "url": "https://api.github.com/repos/quimcalpe/psr7-response-sender/zipball/6ae642a95f3ad7c23143fced63d778da8cd6178d",
                "reference": "6ae642a95f3ad7c23143fced63d778da8cd6178d",
                "shasum": ""
            },
            "require": {
                "php": ">=5.5.0",
                "psr/http-message": "^1.0"
            },
            "require-dev": {
                "phpunit/phpunit": "^4.0"
            },
            "type": "library",
            "autoload": {
                "files": [
                    "src/response_sender.php"
                ]
            },
            "notification-url": "https://packagist.org/downloads/",
            "license": [
                "MIT"
            ],
            "authors": [
                {
                    "name": "Quim Calpe",
                    "email": "quim@kalpe.com"
                }
            ],
            "description": "PSR-7 Response Sender",
            "time": "2016-05-20T14:26:29+00:00"
        },
        {
            "name": "ralouphie/getallheaders",
            "version": "2.0.5",
            "source": {
                "type": "git",
                "url": "https://github.com/ralouphie/getallheaders.git",
                "reference": "5601c8a83fbba7ef674a7369456d12f1e0d0eafa"
            },
            "dist": {
                "type": "zip",
                "url": "https://api.github.com/repos/ralouphie/getallheaders/zipball/5601c8a83fbba7ef674a7369456d12f1e0d0eafa",
                "reference": "5601c8a83fbba7ef674a7369456d12f1e0d0eafa",
                "shasum": ""
            },
            "require": {
                "php": ">=5.3"
            },
            "require-dev": {
                "phpunit/phpunit": "~3.7.0",
                "satooshi/php-coveralls": ">=1.0"
            },
            "type": "library",
            "autoload": {
                "files": [
                    "src/getallheaders.php"
                ]
            },
            "notification-url": "https://packagist.org/downloads/",
            "license": [
                "MIT"
            ],
            "authors": [
                {
                    "name": "Ralph Khattar",
                    "email": "ralph.khattar@gmail.com"
                }
            ],
            "description": "A polyfill for getallheaders.",
            "time": "2016-02-11T07:05:27+00:00"
        },
        {
            "name": "swiftmailer/swiftmailer",
            "version": "v6.1.3",
            "source": {
                "type": "git",
                "url": "https://github.com/swiftmailer/swiftmailer.git",
                "reference": "8ddcb66ac10c392d3beb54829eef8ac1438595f4"
            },
            "dist": {
                "type": "zip",
                "url": "https://api.github.com/repos/swiftmailer/swiftmailer/zipball/8ddcb66ac10c392d3beb54829eef8ac1438595f4",
                "reference": "8ddcb66ac10c392d3beb54829eef8ac1438595f4",
                "shasum": ""
            },
            "require": {
                "egulias/email-validator": "~2.0",
                "php": ">=7.0.0"
            },
            "require-dev": {
                "mockery/mockery": "~0.9.1",
                "symfony/phpunit-bridge": "~3.3@dev"
            },
            "suggest": {
                "ext-intl": "Needed to support internationalized email addresses",
                "true/punycode": "Needed to support internationalized email addresses, if ext-intl is not installed"
            },
            "type": "library",
            "extra": {
                "branch-alias": {
                    "dev-master": "6.1-dev"
                }
            },
            "autoload": {
                "files": [
                    "lib/swift_required.php"
                ]
            },
            "notification-url": "https://packagist.org/downloads/",
            "license": [
                "MIT"
            ],
            "authors": [
                {
                    "name": "Chris Corbyn"
                },
                {
                    "name": "Fabien Potencier",
                    "email": "fabien@symfony.com"
                }
            ],
            "description": "Swiftmailer, free feature-rich PHP mailer",
            "homepage": "https://swiftmailer.symfony.com",
            "keywords": [
                "email",
                "mail",
                "mailer"
            ],
            "time": "2018-09-11T07:12:52+00:00"
        },
        {
            "name": "symfony/polyfill-ctype",
            "version": "v1.10.0",
            "source": {
                "type": "git",
                "url": "https://github.com/symfony/polyfill-ctype.git",
                "reference": "e3d826245268269cd66f8326bd8bc066687b4a19"
            },
            "dist": {
                "type": "zip",
                "url": "https://api.github.com/repos/symfony/polyfill-ctype/zipball/e3d826245268269cd66f8326bd8bc066687b4a19",
                "reference": "e3d826245268269cd66f8326bd8bc066687b4a19",
                "shasum": ""
            },
            "require": {
                "php": ">=5.3.3"
            },
            "suggest": {
                "ext-ctype": "For best performance"
            },
            "type": "library",
            "extra": {
                "branch-alias": {
                    "dev-master": "1.9-dev"
                }
            },
            "autoload": {
                "psr-4": {
                    "Symfony\\Polyfill\\Ctype\\": ""
                },
                "files": [
                    "bootstrap.php"
                ]
            },
            "notification-url": "https://packagist.org/downloads/",
            "license": [
                "MIT"
            ],
            "authors": [
                {
                    "name": "Symfony Community",
                    "homepage": "https://symfony.com/contributors"
                },
                {
                    "name": "Gert de Pagter",
                    "email": "BackEndTea@gmail.com"
                }
            ],
            "description": "Symfony polyfill for ctype functions",
            "homepage": "https://symfony.com",
            "keywords": [
                "compatibility",
                "ctype",
                "polyfill",
                "portable"
            ],
            "time": "2018-08-06T14:22:27+00:00"
        },
        {
            "name": "symfony/polyfill-mbstring",
            "version": "v1.10.0",
            "source": {
                "type": "git",
                "url": "https://github.com/symfony/polyfill-mbstring.git",
                "reference": "c79c051f5b3a46be09205c73b80b346e4153e494"
            },
            "dist": {
                "type": "zip",
                "url": "https://api.github.com/repos/symfony/polyfill-mbstring/zipball/c79c051f5b3a46be09205c73b80b346e4153e494",
                "reference": "c79c051f5b3a46be09205c73b80b346e4153e494",
                "shasum": ""
            },
            "require": {
                "php": ">=5.3.3"
            },
            "suggest": {
                "ext-mbstring": "For best performance"
            },
            "type": "library",
            "extra": {
                "branch-alias": {
                    "dev-master": "1.9-dev"
                }
            },
            "autoload": {
                "psr-4": {
                    "Symfony\\Polyfill\\Mbstring\\": ""
                },
                "files": [
                    "bootstrap.php"
                ]
            },
            "notification-url": "https://packagist.org/downloads/",
            "license": [
                "MIT"
            ],
            "authors": [
                {
                    "name": "Nicolas Grekas",
                    "email": "p@tchwork.com"
                },
                {
                    "name": "Symfony Community",
                    "homepage": "https://symfony.com/contributors"
                }
            ],
            "description": "Symfony polyfill for the Mbstring extension",
            "homepage": "https://symfony.com",
            "keywords": [
                "compatibility",
                "mbstring",
                "polyfill",
                "portable",
                "shim"
            ],
            "time": "2018-09-21T13:07:52+00:00"
        },
        {
            "name": "twig/twig",
            "version": "v2.6.0",
            "source": {
                "type": "git",
                "url": "https://github.com/twigphp/Twig.git",
                "reference": "a11dd39f5b6589e14f0ff3b36675d06047c589b1"
            },
            "dist": {
                "type": "zip",
                "url": "https://api.github.com/repos/twigphp/Twig/zipball/a11dd39f5b6589e14f0ff3b36675d06047c589b1",
                "reference": "a11dd39f5b6589e14f0ff3b36675d06047c589b1",
                "shasum": ""
            },
            "require": {
                "php": "^7.0",
                "symfony/polyfill-ctype": "^1.8",
                "symfony/polyfill-mbstring": "^1.3"
            },
            "require-dev": {
                "psr/container": "^1.0",
                "symfony/debug": "^2.7",
                "symfony/phpunit-bridge": "^3.4.19|^4.1.8"
            },
            "type": "library",
            "extra": {
                "branch-alias": {
                    "dev-master": "2.6-dev"
                }
            },
            "autoload": {
                "psr-0": {
                    "Twig_": "lib/"
                },
                "psr-4": {
                    "Twig\\": "src/"
                }
            },
            "notification-url": "https://packagist.org/downloads/",
            "license": [
                "BSD-3-Clause"
            ],
            "authors": [
                {
                    "name": "Fabien Potencier",
                    "email": "fabien@symfony.com",
                    "homepage": "http://fabien.potencier.org",
                    "role": "Lead Developer"
                },
                {
                    "name": "Armin Ronacher",
                    "email": "armin.ronacher@active-4.com",
                    "role": "Project Founder"
                },
                {
                    "name": "Twig Team",
                    "homepage": "https://twig.symfony.com/contributors",
                    "role": "Contributors"
                }
            ],
            "description": "Twig, the flexible, fast, and secure template language for PHP",
            "homepage": "https://twig.symfony.com",
            "keywords": [
                "templating"
            ],
            "time": "2018-12-16T10:36:48+00:00"
        },
        {
            "name": "willdurand/negotiation",
            "version": "v2.3.1",
            "source": {
                "type": "git",
                "url": "https://github.com/willdurand/Negotiation.git",
                "reference": "03436ededa67c6e83b9b12defac15384cb399dc9"
            },
            "dist": {
                "type": "zip",
                "url": "https://api.github.com/repos/willdurand/Negotiation/zipball/03436ededa67c6e83b9b12defac15384cb399dc9",
                "reference": "03436ededa67c6e83b9b12defac15384cb399dc9",
                "shasum": ""
            },
            "require": {
                "php": ">=5.4.0"
            },
            "require-dev": {
                "phpunit/phpunit": "~4.5"
            },
            "type": "library",
            "extra": {
                "branch-alias": {
                    "dev-master": "2.3-dev"
                }
            },
            "autoload": {
                "psr-4": {
                    "Negotiation\\": "src/Negotiation"
                }
            },
            "notification-url": "https://packagist.org/downloads/",
            "license": [
                "MIT"
            ],
            "authors": [
                {
                    "name": "William Durand",
                    "email": "will+git@drnd.me"
                }
            ],
            "description": "Content Negotiation tools for PHP provided as a standalone library.",
            "homepage": "http://williamdurand.fr/Negotiation/",
            "keywords": [
                "accept",
                "content",
                "format",
                "header",
                "negotiation"
            ],
            "time": "2017-05-14T17:21:12+00:00"
        },
        {
            "name": "zendframework/zend-expressive-fastroute",
            "version": "1.3.0",
            "source": {
                "type": "git",
                "url": "https://github.com/zendframework/zend-expressive-fastroute.git",
                "reference": "825c93ff72c0f629bb427a6da8ebfe9d4735c296"
            },
            "dist": {
                "type": "zip",
                "url": "https://api.github.com/repos/zendframework/zend-expressive-fastroute/zipball/825c93ff72c0f629bb427a6da8ebfe9d4735c296",
                "reference": "825c93ff72c0f629bb427a6da8ebfe9d4735c296",
                "shasum": ""
            },
            "require": {
                "fig/http-message-util": "^1.1",
                "nikic/fast-route": "^1.0.0",
                "php": "^5.6 || ^7.0",
                "psr/http-message": "^1.0",
                "zendframework/zend-expressive-router": "^1.3.2"
            },
            "require-dev": {
                "malukenho/docheader": "^0.1.5",
                "phpunit/phpunit": "^4.7 || ^5.6",
                "zendframework/zend-coding-standard": "~1.0.0"
            },
            "type": "library",
            "extra": {
                "branch-alias": {
                    "dev-master": "1.3-dev",
                    "dev-develop": "1.4-dev"
                }
            },
            "autoload": {
                "psr-4": {
                    "Zend\\Expressive\\Router\\": "src/"
                }
            },
            "notification-url": "https://packagist.org/downloads/",
            "license": [
                "BSD-3-Clause"
            ],
            "description": "FastRoute integration for Expressive",
            "keywords": [
                "FastRoute",
                "expressive",
                "http",
                "middleware",
                "psr",
                "psr-7"
            ],
            "time": "2016-12-14T19:47:05+00:00"
        },
        {
            "name": "zendframework/zend-expressive-router",
            "version": "1.3.2",
            "source": {
                "type": "git",
                "url": "https://github.com/zendframework/zend-expressive-router.git",
                "reference": "50c9e4dff0cf65d9937c56b597c530e1bf5f8ef0"
            },
            "dist": {
                "type": "zip",
                "url": "https://api.github.com/repos/zendframework/zend-expressive-router/zipball/50c9e4dff0cf65d9937c56b597c530e1bf5f8ef0",
                "reference": "50c9e4dff0cf65d9937c56b597c530e1bf5f8ef0",
                "shasum": ""
            },
            "require": {
                "fig/http-message-util": "^1.1",
                "php": "^5.6 || ^7.0",
                "psr/http-message": "^1.0"
            },
            "require-dev": {
                "malukenho/docheader": "^0.1.5",
                "phpunit/phpunit": "^4.7 || ^5.6",
                "zendframework/zend-coding-standard": "~1.0.0"
            },
            "suggest": {
                "zendframework/zend-expressive-aurarouter": "^1.0 to use the Aura.Router routing adapter",
                "zendframework/zend-expressive-fastroute": "^1.2 to use the FastRoute routing adapter",
                "zendframework/zend-expressive-zendrouter": "^1.2 to use the zend-router routing adapter"
            },
            "type": "library",
            "extra": {
                "branch-alias": {
                    "dev-master": "1.3.x-dev",
                    "dev-develop": "2.0.x-dev"
                }
            },
            "autoload": {
                "psr-4": {
                    "Zend\\Expressive\\Router\\": "src/"
                }
            },
            "notification-url": "https://packagist.org/downloads/",
            "license": [
                "BSD-3-Clause"
            ],
            "description": "Router subcomponent for Expressive",
            "keywords": [
                "expressive",
                "http",
                "middleware",
                "psr",
                "psr-7"
            ],
            "time": "2016-12-14T13:49:15+00:00"
        }
    ],
    "packages-dev": [],
    "aliases": [],
    "minimum-stability": "stable",
    "stability-flags": [],
    "prefer-stable": false,
    "prefer-lowest": false,
    "platform": [],
    "platform-dev": []
}
